
Microsoft Visual Studio Solution File, Format Version 12.00
# Visual Studio 15
VisualStudioVersion = 15.0.27703.2042
MinimumVisualStudioVersion = 10.0.40219.1
Project("{FAE04EC0-301F-11D3-BF4B-00C04F79EFBC}") = "SportsStore.WebUI", "SportsSore.WebUI\SportsStore.WebUI.csproj", "{B2680019-A502-4EAD-84EB-AA7909733654}"
EndProject
Project("{FAE04EC0-301F-11D3-BF4B-00C04F79EFBC}") = "SportsStore.Domain", "SportsStore.Domain\SportsStore.Domain.csproj", "{E487BF4F-98FE-4005-A609-4E1F79D00D4B}"
EndProject
Project("{FAE04EC0-301F-11D3-BF4B-00C04F79EFBC}") = "SportsStore.UnitTests", "SportsSrore.UnintTests\SportsStore.UnitTests.csproj", "{EC8C55B7-D24F-49FD-A783-1E124B15E454}"
EndProject
Global
	GlobalSection(SolutionConfigurationPlatforms) = preSolution
		Debug|Any CPU = Debug|Any CPU
		Release|Any CPU = Release|Any CPU
	EndGlobalSection
	GlobalSection(ProjectConfigurationPlatforms) = postSolution
		{B2680019-A502-4EAD-84EB-AA7909733654}.Debug|Any CPU.ActiveCfg = Debug|Any CPU
		{B2680019-A502-4EAD-84EB-AA7909733654}.Debug|Any CPU.Build.0 = Debug|Any CPU
		{B2680019-A502-4EAD-84EB-AA7909733654}.Release|Any CPU.ActiveCfg = Release|Any CPU
		{B2680019-A502-4EAD-84EB-AA7909733654}.Release|Any CPU.Build.0 = Release|Any CPU
		{E487BF4F-98FE-4005-A609-4E1F79D00D4B}.Debug|Any CPU.ActiveCfg = Debug|Any CPU
		{E487BF4F-98FE-4005-A609-4E1F79D00D4B}.Debug|Any CPU.Build.0 = Debug|Any CPU
		{E487BF4F-98FE-4005-A609-4E1F79D00D4B}.Release|Any CPU.ActiveCfg = Release|Any CPU
		{E487BF4F-98FE-4005-A609-4E1F79D00D4B}.Release|Any CPU.Build.0 = Release|Any CPU
		{EC8C55B7-D24F-49FD-A783-1E124B15E454}.Debug|Any CPU.ActiveCfg = Debug|Any CPU
		{EC8C55B7-D24F-49FD-A783-1E124B15E454}.Debug|Any CPU.Build.0 = Debug|Any CPU
		{EC8C55B7-D24F-49FD-A783-1E124B15E454}.Release|Any CPU.ActiveCfg = Release|Any CPU
		{EC8C55B7-D24F-49FD-A783-1E124B15E454}.Release|Any CPU.Build.0 = Release|Any CPU
	EndGlobalSection
	GlobalSection(SolutionProperties) = preSolution
		HideSolutionNode = FALSE
	EndGlobalSection
	GlobalSection(ExtensibilityGlobals) = postSolution
		SolutionGuid = {D861F7D8-5B2F-4971-A87A-1DE3EFAD2E14}
	EndGlobalSection
EndGlobal
